<?xml version="1.0" encoding="utf-8"?>
<Project ToolsVersion="4.0" xmlns="http://schemas.microsoft.com/developer/msbuild/2003">
  <ItemGroup>
    <None Include="exports.def" />
  </ItemGroup>
  <ItemGroup>
    <Filter Include="src">
      <UniqueIdentifier>{57c9eac9-3a96-4dbf-8d19-cdddafb51688}</UniqueIdentifier>
    </Filter>
    <Filter Include="include">
      <UniqueIdentifier>{aee06ac9-1bc5-42ef-858c-7657bb1ee832}</UniqueIdentifier>
    </Filter>
    <Filter Include="include\CLIK">
      <UniqueIdentifier>{682afc3c-57a6-4a40-a3d8-3253951f01ac}</UniqueIdentifier>
    </Filter>
    <Filter Include="src\CLIK">
      <UniqueIdentifier>{8aaec797-bc76-4204-afcc-91a144a61596}</UniqueIdentifier>
    </Filter>
    <Filter Include="include\CLIK\GFx">
      <UniqueIdentifier>{318349a7-b894-4b78-b76c-4a589ab238ff}</UniqueIdentifier>
    </Filter>
    <Filter Include="include\CLIK\GFx\Controls">
      <UniqueIdentifier>{6a56621c-4e11-4892-a8d4-656b7347130a}</UniqueIdentifier>
    </Filter>
    <Filter Include="include\CLIK\GFx\Core">
      <UniqueIdentifier>{ac6a2989-6f78-488b-b771-5d4c58c4efdc}</UniqueIdentifier>
    </Filter>
    <Filter Include="src\CLIK\GFx">
      <UniqueIdentifier>{ef714e5b-14e5-481e-998a-9a62dc7b4f9f}</UniqueIdentifier>
    </Filter>
    <Filter Include="src\CLIK\GFx\Core">
      <UniqueIdentifier>{b30191cc-b773-498b-a2cd-2e1a85175399}</UniqueIdentifier>
    </Filter>
    <Filter Include="src\CLIK\GFx\Controls">
      <UniqueIdentifier>{4ff3f52f-e7e0-4652-92fb-0d0724304751}</UniqueIdentifier>
    </Filter>
    <Filter Include="src\Scaleform">
      <UniqueIdentifier>{92532adb-4b86-43ea-ad8b-3d6e2b2524f7}</UniqueIdentifier>
    </Filter>
    <Filter Include="include\Scaleform">
      <UniqueIdentifier>{11bfbc67-9e77-4dfb-ae48-e2d7456b0142}</UniqueIdentifier>
    </Filter>
    <Filter Include="include\Events">
      <UniqueIdentifier>{cc8a8208-d320-45b8-819d-45cfc8dd58c0}</UniqueIdentifier>
    </Filter>
    <Filter Include="src\Events">
      <UniqueIdentifier>{9eecf212-7552-4a0b-802d-f4f1664ae36e}</UniqueIdentifier>
    </Filter>
    <Filter Include="include\Input">
      <UniqueIdentifier>{3eb5724b-9ea4-47dc-8d0d-3aebed5857e4}</UniqueIdentifier>
    </Filter>
    <Filter Include="src\Input">
      <UniqueIdentifier>{d3626fd0-684e-44c3-99ba-d916d5db881a}</UniqueIdentifier>
    </Filter>
  </ItemGroup>
  <ItemGroup>
    <ClCompile Include="src\main.cpp">
      <Filter>src</Filter>
    </ClCompile>
    <ClCompile Include="src\CLIK\Array.cpp">
      <Filter>src\CLIK</Filter>
    </ClCompile>
    <ClCompile Include="src\CLIK\MovieClip.cpp">
      <Filter>src\CLIK</Filter>
    </ClCompile>
    <ClCompile Include="src\CLIK\Object.cpp">
      <Filter>src\CLIK</Filter>
    </ClCompile>
    <ClCompile Include="src\CLIK\TextField.cpp">
      <Filter>src\CLIK</Filter>
    </ClCompile>
    <ClCompile Include="src\CLIK\Button.cpp">
      <Filter>src\CLIK\GFx\Controls</Filter>
    </ClCompile>
    <ClCompile Include="src\CLIK\CoreList.cpp">
      <Filter>src\CLIK\GFx\Controls</Filter>
    </ClCompile>
    <ClCompile Include="src\CLIK\DropdownMenu.cpp">
      <Filter>src\CLIK\GFx\Controls</Filter>
    </ClCompile>
    <ClCompile Include="src\CLIK\ScrollingList.cpp">
      <Filter>src\CLIK\GFx\Controls</Filter>
    </ClCompile>
    <ClCompile Include="src\CLIK\Slider.cpp">
      <Filter>src\CLIK\GFx\Controls</Filter>
    </ClCompile>
    <ClCompile Include="src\CLIK\TextInput.cpp">
      <Filter>src\CLIK\GFx\Controls</Filter>
    </ClCompile>
    <ClCompile Include="src\CLIK\UIComponent.cpp">
      <Filter>src\CLIK\GFx\Core</Filter>
    </ClCompile>
    <ClCompile Include="src\InventoryItem.cpp">
      <Filter>src</Filter>
    </ClCompile>
    <ClCompile Include="src\GFxItem.cpp">
      <Filter>src</Filter>
    </ClCompile>
    <ClCompile Include="src\Events.cpp">
      <Filter>src\Events</Filter>
    </ClCompile>
    <ClCompile Include="src\Loot.cpp">
      <Filter>src</Filter>
    </ClCompile>
    <ClCompile Include="src\LootMenu.cpp">
      <Filter>src\Scaleform</Filter>
    </ClCompile>
    <ClCompile Include="src\Scaleform.cpp">
      <Filter>src\Scaleform</Filter>
    </ClCompile>
    <ClCompile Include="src\InputDisablers.cpp">
      <Filter>src\Input</Filter>
    </ClCompile>
    <ClCompile Include="src\InputListeners.cpp">
      <Filter>src\Input</Filter>
    </ClCompile>
  </ItemGroup>
  <ItemGroup>
    <ClInclude Include="include\version.h">
      <Filter>include</Filter>
    </ClInclude>
    <ClInclude Include="include\CLIK\Array.h">
      <Filter>include\CLIK</Filter>
    </ClInclude>
    <ClInclude Include="include\CLIK\MovieClip.h">
      <Filter>include\CLIK</Filter>
    </ClInclude>
    <ClInclude Include="include\CLIK\Object.h">
      <Filter>include\CLIK</Filter>
    </ClInclude>
    <ClInclude Include="include\CLIK\TextField.h">
      <Filter>include\CLIK</Filter>
    </ClInclude>
    <ClInclude Include="include\CLIK\UIComponent.h">
      <Filter>include\CLIK\GFx\Core</Filter>
    </ClInclude>
    <ClInclude Include="include\CLIK\Button.h">
      <Filter>include\CLIK\GFx\Controls</Filter>
    </ClInclude>
    <ClInclude Include="include\CLIK\CoreList.h">
      <Filter>include\CLIK\GFx\Controls</Filter>
    </ClInclude>
    <ClInclude Include="include\CLIK\DropdownMenu.h">
      <Filter>include\CLIK\GFx\Controls</Filter>
    </ClInclude>
    <ClInclude Include="include\CLIK\ScrollingList.h">
      <Filter>include\CLIK\GFx\Controls</Filter>
    </ClInclude>
    <ClInclude Include="include\CLIK\Slider.h">
      <Filter>include\CLIK\GFx\Controls</Filter>
    </ClInclude>
    <ClInclude Include="include\CLIK\TextInput.h">
      <Filter>include\CLIK\GFx\Controls</Filter>
    </ClInclude>
    <ClInclude Include="include\InventoryItem.h">
      <Filter>include</Filter>
    </ClInclude>
    <ClInclude Include="include\GFxItem.h">
      <Filter>include</Filter>
    </ClInclude>
    <ClInclude Include="include\Events.h">
      <Filter>include\Events</Filter>
    </ClInclude>
    <ClInclude Include="include\Loot.h">
      <Filter>include</Filter>
    </ClInclude>
    <ClInclude Include="include\LootMenu.h">
      <Filter>include\Scaleform</Filter>
    </ClInclude>
    <ClInclude Include="include\Scaleform.h">
      <Filter>include\Scaleform</Filter>
    </ClInclude>
    <ClInclude Include="include\InputDisablers.h">
      <Filter>include\Input</Filter>
    </ClInclude>
    <ClInclude Include="include\InputListeners.h">
      <Filter>include\Input</Filter>
    </ClInclude>
  </ItemGroup>
  <ItemGroup>
    <ResourceCompile Include="version.rc" />
  </ItemGroup>
</Project>