<?xml version="1.0" encoding="utf-8"?>
<Project ToolsVersion="4.0" xmlns="http://schemas.microsoft.com/developer/msbuild/2003">
  <ItemGroup>
    <Filter Include="src">
      <UniqueIdentifier>{183af39b-b0e5-4f21-b340-09f4f21a8905}</UniqueIdentifier>
    </Filter>
    <Filter Include="src\CLIK">
      <UniqueIdentifier>{3579149f-57aa-493a-8c64-c0d7a25b1c9d}</UniqueIdentifier>
    </Filter>
    <Filter Include="src\CLIK\GFx">
      <UniqueIdentifier>{afc1b735-fb61-4582-be82-7427e86b9ec0}</UniqueIdentifier>
    </Filter>
    <Filter Include="src\CLIK\GFx\Controls">
      <UniqueIdentifier>{ec31c4c0-a836-4884-9ef2-9156c81b4665}</UniqueIdentifier>
    </Filter>
    <Filter Include="src\CLIK\GFx\Core">
      <UniqueIdentifier>{e8aed7b5-d048-41c0-8bd7-7095d3e31c8e}</UniqueIdentifier>
    </Filter>
    <Filter Include="src\Events">
      <UniqueIdentifier>{cbf1963b-83d5-495b-bcbf-0c2cbffeb2d2}</UniqueIdentifier>
    </Filter>
    <Filter Include="src\Input">
      <UniqueIdentifier>{fedf986c-584f-43be-a9f4-7acbb81317b1}</UniqueIdentifier>
    </Filter>
    <Filter Include="src\Items">
      <UniqueIdentifier>{c810af55-8644-4b5a-97ad-7b9bfd05beec}</UniqueIdentifier>
    </Filter>
    <Filter Include="src\Scaleform">
      <UniqueIdentifier>{d9a82eab-650b-4696-9d8d-7785ca4a0914}</UniqueIdentifier>
    </Filter>
  </ItemGroup>
  <ItemGroup>
    <ClCompile Include="src\AnimationManager.cpp">
      <Filter>src</Filter>
    </ClCompile>
    <ClCompile Include="src\ContainerHandler.cpp">
      <Filter>src</Filter>
    </ClCompile>
    <ClCompile Include="src\Events\Events.cpp">
      <Filter>src\Events</Filter>
    </ClCompile>
    <ClCompile Include="src\Input\InputListeners.cpp">
      <Filter>src\Input</Filter>
    </ClCompile>
    <ClCompile Include="src\Loot.cpp">
      <Filter>src</Filter>
    </ClCompile>
    <ClCompile Include="src\main.cpp">
      <Filter>src</Filter>
    </ClCompile>
    <ClCompile Include="src\PCH.cpp">
      <Filter>src</Filter>
    </ClCompile>
    <ClCompile Include="src\Scaleform.cpp">
      <Filter>src\Scaleform</Filter>
    </ClCompile>
    <ClCompile Include="src\Scaleform\LootMenu.cpp">
      <Filter>src\Scaleform</Filter>
    </ClCompile>
    <ClCompile Include="src\ViewHandler.cpp">
      <Filter>src</Filter>
    </ClCompile>
  </ItemGroup>
  <ItemGroup>
    <ClInclude Include="src\AnimationManager.h">
      <Filter>src</Filter>
    </ClInclude>
    <ClInclude Include="src\CLIK\Array.h">
      <Filter>src\CLIK</Filter>
    </ClInclude>
    <ClInclude Include="src\CLIK\GFx\Controls\Button.h">
      <Filter>src\CLIK\GFx\Controls</Filter>
    </ClInclude>
    <ClInclude Include="src\CLIK\GFx\Controls\ButtonBar.h">
      <Filter>src\CLIK\GFx\Controls</Filter>
    </ClInclude>
    <ClInclude Include="src\CLIK\GFx\Controls\CoreList.h">
      <Filter>src\CLIK\GFx\Controls</Filter>
    </ClInclude>
    <ClInclude Include="src\CLIK\GFx\Controls\DropdownMenu.h">
      <Filter>src\CLIK\GFx\Controls</Filter>
    </ClInclude>
    <ClInclude Include="src\CLIK\GFx\Controls\ScrollingList.h">
      <Filter>src\CLIK\GFx\Controls</Filter>
    </ClInclude>
    <ClInclude Include="src\CLIK\GFx\Controls\Slider.h">
      <Filter>src\CLIK\GFx\Controls</Filter>
    </ClInclude>
    <ClInclude Include="src\CLIK\GFx\Controls\TextInput.h">
      <Filter>src\CLIK\GFx\Controls</Filter>
    </ClInclude>
    <ClInclude Include="src\CLIK\GFx\Core\UIComponent.h">
      <Filter>src\CLIK\GFx\Core</Filter>
    </ClInclude>
    <ClInclude Include="src\CLIK\MovieClip.h">
      <Filter>src\CLIK</Filter>
    </ClInclude>
    <ClInclude Include="src\CLIK\Object.h">
      <Filter>src\CLIK</Filter>
    </ClInclude>
    <ClInclude Include="src\CLIK\TextField.h">
      <Filter>src\CLIK</Filter>
    </ClInclude>
    <ClInclude Include="src\ContainerHandler.h">
      <Filter>src</Filter>
    </ClInclude>
    <ClInclude Include="src\Events\Events.h">
      <Filter>src\Events</Filter>
    </ClInclude>
    <ClInclude Include="src\HUDManager.h">
      <Filter>src</Filter>
    </ClInclude>
    <ClInclude Include="src\Input\Input.h">
      <Filter>src\Input</Filter>
    </ClInclude>
    <ClInclude Include="src\Input\InputDisablers.h">
      <Filter>src\Input</Filter>
    </ClInclude>
    <ClInclude Include="src\Input\InputListeners.h">
      <Filter>src\Input</Filter>
    </ClInclude>
    <ClInclude Include="src\Items\GFxItem.h">
      <Filter>src\Items</Filter>
    </ClInclude>
    <ClInclude Include="src\Items\GroundItems.h">
      <Filter>src\Items</Filter>
    </ClInclude>
    <ClInclude Include="src\Items\InventoryItem.h">
      <Filter>src\Items</Filter>
    </ClInclude>
    <ClInclude Include="src\Items\Item.h">
      <Filter>src\Items</Filter>
    </ClInclude>
    <ClInclude Include="src\Loot.h">
      <Filter>src</Filter>
    </ClInclude>
    <ClInclude Include="src\PCH.h">
      <Filter>src</Filter>
    </ClInclude>
    <ClInclude Include="src\Scaleform\LootMenu.h">
      <Filter>src\Scaleform</Filter>
    </ClInclude>
    <ClInclude Include="src\Scaleform\Scaleform.h">
      <Filter>src\Scaleform</Filter>
    </ClInclude>
    <ClInclude Include="src\version.h">
      <Filter>src</Filter>
    </ClInclude>
    <ClInclude Include="src\ViewHandler.h">
      <Filter>src</Filter>
    </ClInclude>
  </ItemGroup>
  <ItemGroup>
    <None Include=".clang-format" />
  </ItemGroup>
  <ItemGroup>
    <ResourceCompile Include="version.rc" />
  </ItemGroup>
</Project>